
Microsoft Visual Studio Solution File, Format Version 12.00
# Visual Studio Version 16
VisualStudioVersion = 16.0.32802.440
MinimumVisualStudioVersion = 10.0.40219.1
Project("{FAE04EC0-301F-11D3-BF4B-00C04F79EFBC}") = "BookHuntVendorPart", "BookHuntVendorPart.csproj", "{05E83CF0-E1C2-41B3-9E4E-F158058AC973}"
EndProject
Project("{2150E333-8FDC-42A3-9474-1A3956D46DE8}") = "Assets", "Assets", "{6D7FCC54-695A-4D70-8AD9-3944AA0280C2}"
	ProjectSection(SolutionItems) = preProject
		..\..\logo.jfif = ..\..\logo.jfif
	EndProjectSection
EndProject
Global
	GlobalSection(SolutionConfigurationPlatforms) = preSolution
		Debug|Any CPU = Debug|Any CPU
		Release|Any CPU = Release|Any CPU
	EndGlobalSection
	GlobalSection(ProjectConfigurationPlatforms) = postSolution
		{05E83CF0-E1C2-41B3-9E4E-F158058AC973}.Debug|Any CPU.ActiveCfg = Debug|Any CPU
		{05E83CF0-E1C2-41B3-9E4E-F158058AC973}.Debug|Any CPU.Build.0 = Debug|Any CPU
		{05E83CF0-E1C2-41B3-9E4E-F158058AC973}.Release|Any CPU.ActiveCfg = Release|Any CPU
		{05E83CF0-E1C2-41B3-9E4E-F158058AC973}.Release|Any CPU.Build.0 = Release|Any CPU
	EndGlobalSection
	GlobalSection(SolutionProperties) = preSolution
		HideSolutionNode = FALSE
	EndGlobalSection
	GlobalSection(ExtensibilityGlobals) = postSolution
		SolutionGuid = {BED2378A-0653-45F1-AD92-C4C2327DB726}
	EndGlobalSection
EndGlobal
